
Microsoft Visual Studio Solution File, Format Version 12.00
# Visual Studio 15
VisualStudioVersion = 15.0.28307.489
MinimumVisualStudioVersion = 10.0.40219.1
Project("{FAE04EC0-301F-11D3-BF4B-00C04F79EFBC}") = "WindowsFormsApp8", "WindowsFormsApp8\WindowsFormsApp8.csproj", "{A1F2F6FF-931F-4A82-8BF7-A8DC7554327B}"
EndProject
Global
	GlobalSection(SolutionConfigurationPlatforms) = preSolution
		Debug|Any CPU = Debug|Any CPU
		Release|Any CPU = Release|Any CPU
	EndGlobalSection
	GlobalSection(ProjectConfigurationPlatforms) = postSolution
		{A1F2F6FF-931F-4A82-8BF7-A8DC7554327B}.Debug|Any CPU.ActiveCfg = Debug|Any CPU
		{A1F2F6FF-931F-4A82-8BF7-A8DC7554327B}.Debug|Any CPU.Build.0 = Debug|Any CPU
		{A1F2F6FF-931F-4A82-8BF7-A8DC7554327B}.Release|Any CPU.ActiveCfg = Release|Any CPU
		{A1F2F6FF-931F-4A82-8BF7-A8DC7554327B}.Release|Any CPU.Build.0 = Release|Any CPU
	EndGlobalSection
	GlobalSection(SolutionProperties) = preSolution
		HideSolutionNode = FALSE
	EndGlobalSection
	GlobalSection(ExtensibilityGlobals) = postSolution
		SolutionGuid = {0E24F4A7-ED9B-42DD-82A3-E1B65F906100}
	EndGlobalSection
EndGlobal
