
Microsoft Visual Studio Solution File, Format Version 12.00
# Visual Studio 15
VisualStudioVersion = 15.0.28307.489
MinimumVisualStudioVersion = 10.0.40219.1
Project("{FAE04EC0-301F-11D3-BF4B-00C04F79EFBC}") = "WindowsFormsApp4", "WindowsFormsApp4\WindowsFormsApp4.csproj", "{A822BC48-ABA2-4D98-982D-90189C6F516E}"
EndProject
Global
	GlobalSection(SolutionConfigurationPlatforms) = preSolution
		Debug|Any CPU = Debug|Any CPU
		Release|Any CPU = Release|Any CPU
	EndGlobalSection
	GlobalSection(ProjectConfigurationPlatforms) = postSolution
		{A822BC48-ABA2-4D98-982D-90189C6F516E}.Debug|Any CPU.ActiveCfg = Debug|Any CPU
		{A822BC48-ABA2-4D98-982D-90189C6F516E}.Debug|Any CPU.Build.0 = Debug|Any CPU
		{A822BC48-ABA2-4D98-982D-90189C6F516E}.Release|Any CPU.ActiveCfg = Release|Any CPU
		{A822BC48-ABA2-4D98-982D-90189C6F516E}.Release|Any CPU.Build.0 = Release|Any CPU
	EndGlobalSection
	GlobalSection(SolutionProperties) = preSolution
		HideSolutionNode = FALSE
	EndGlobalSection
	GlobalSection(ExtensibilityGlobals) = postSolution
		SolutionGuid = {E1CD47EA-FBF0-4295-8BCC-CA93F1A09D6A}
	EndGlobalSection
EndGlobal
