
Microsoft Visual Studio Solution File, Format Version 12.00
# Visual Studio 15
VisualStudioVersion = 15.0.28307.489
MinimumVisualStudioVersion = 10.0.40219.1
Project("{FAE04EC0-301F-11D3-BF4B-00C04F79EFBC}") = "MDIAll", "WindowsFormsApp16\MDIAll.csproj", "{B540DF08-CD7C-4BD8-A5CF-4B939C5CF21E}"
EndProject
Global
	GlobalSection(SolutionConfigurationPlatforms) = preSolution
		Debug|Any CPU = Debug|Any CPU
		Release|Any CPU = Release|Any CPU
	EndGlobalSection
	GlobalSection(ProjectConfigurationPlatforms) = postSolution
		{B540DF08-CD7C-4BD8-A5CF-4B939C5CF21E}.Debug|Any CPU.ActiveCfg = Debug|Any CPU
		{B540DF08-CD7C-4BD8-A5CF-4B939C5CF21E}.Debug|Any CPU.Build.0 = Debug|Any CPU
		{B540DF08-CD7C-4BD8-A5CF-4B939C5CF21E}.Release|Any CPU.ActiveCfg = Release|Any CPU
		{B540DF08-CD7C-4BD8-A5CF-4B939C5CF21E}.Release|Any CPU.Build.0 = Release|Any CPU
	EndGlobalSection
	GlobalSection(SolutionProperties) = preSolution
		HideSolutionNode = FALSE
	EndGlobalSection
	GlobalSection(ExtensibilityGlobals) = postSolution
		SolutionGuid = {64445F2F-5FD2-4C94-89AD-9E16280C595C}
	EndGlobalSection
EndGlobal
