
Microsoft Visual Studio Solution File, Format Version 12.00
# Visual Studio 15
VisualStudioVersion = 15.0.28307.489
MinimumVisualStudioVersion = 10.0.40219.1
Project("{FAE04EC0-301F-11D3-BF4B-00C04F79EFBC}") = "Lab2GameOfLife", "Lab2GameOfLife\Lab2GameOfLife.csproj", "{AFF292D1-93C1-49CA-BF61-2C3754319203}"
EndProject
Global
	GlobalSection(SolutionConfigurationPlatforms) = preSolution
		Debug|Any CPU = Debug|Any CPU
		Release|Any CPU = Release|Any CPU
	EndGlobalSection
	GlobalSection(ProjectConfigurationPlatforms) = postSolution
		{AFF292D1-93C1-49CA-BF61-2C3754319203}.Debug|Any CPU.ActiveCfg = Debug|Any CPU
		{AFF292D1-93C1-49CA-BF61-2C3754319203}.Debug|Any CPU.Build.0 = Debug|Any CPU
		{AFF292D1-93C1-49CA-BF61-2C3754319203}.Release|Any CPU.ActiveCfg = Release|Any CPU
		{AFF292D1-93C1-49CA-BF61-2C3754319203}.Release|Any CPU.Build.0 = Release|Any CPU
	EndGlobalSection
	GlobalSection(SolutionProperties) = preSolution
		HideSolutionNode = FALSE
	EndGlobalSection
	GlobalSection(ExtensibilityGlobals) = postSolution
		SolutionGuid = {CCC55C77-0ED1-4927-ACF9-5FCFE2A6DB82}
	EndGlobalSection
EndGlobal
