
Microsoft Visual Studio Solution File, Format Version 12.00
# Visual Studio 15
VisualStudioVersion = 15.0.28307.489
MinimumVisualStudioVersion = 10.0.40219.1
Project("{FAE04EC0-301F-11D3-BF4B-00C04F79EFBC}") = "DutchTreat2", "DutchTreat2\DutchTreat2.csproj", "{D8A2C05F-F461-4640-8844-3FBC27B9A7DD}"
EndProject
Global
	GlobalSection(SolutionConfigurationPlatforms) = preSolution
		Debug|Any CPU = Debug|Any CPU
		Release|Any CPU = Release|Any CPU
	EndGlobalSection
	GlobalSection(ProjectConfigurationPlatforms) = postSolution
		{D8A2C05F-F461-4640-8844-3FBC27B9A7DD}.Debug|Any CPU.ActiveCfg = Debug|Any CPU
		{D8A2C05F-F461-4640-8844-3FBC27B9A7DD}.Debug|Any CPU.Build.0 = Debug|Any CPU
		{D8A2C05F-F461-4640-8844-3FBC27B9A7DD}.Release|Any CPU.ActiveCfg = Release|Any CPU
		{D8A2C05F-F461-4640-8844-3FBC27B9A7DD}.Release|Any CPU.Build.0 = Release|Any CPU
	EndGlobalSection
	GlobalSection(SolutionProperties) = preSolution
		HideSolutionNode = FALSE
	EndGlobalSection
	GlobalSection(ExtensibilityGlobals) = postSolution
		SolutionGuid = {8E265DB5-9209-4494-B9F2-BEB4CDB31928}
	EndGlobalSection
EndGlobal
