
Microsoft Visual Studio Solution File, Format Version 12.00
# Visual Studio 15
VisualStudioVersion = 15.0.28307.489
MinimumVisualStudioVersion = 10.0.40219.1
Project("{FAE04EC0-301F-11D3-BF4B-00C04F79EFBC}") = "CourseStart", "CourseStart\CourseStart.csproj", "{8B1DA2A1-907C-4381-8E58-CDEF4462DA64}"
EndProject
Project("{FAE04EC0-301F-11D3-BF4B-00C04F79EFBC}") = "CourseStart.Testing", "CourseStart.Testing\CourseStart.Testing.csproj", "{ACDED538-0535-41AE-8267-191938CDDF23}"
EndProject
Global
	GlobalSection(SolutionConfigurationPlatforms) = preSolution
		Debug|Any CPU = Debug|Any CPU
		Release|Any CPU = Release|Any CPU
	EndGlobalSection
	GlobalSection(ProjectConfigurationPlatforms) = postSolution
		{8B1DA2A1-907C-4381-8E58-CDEF4462DA64}.Debug|Any CPU.ActiveCfg = Debug|Any CPU
		{8B1DA2A1-907C-4381-8E58-CDEF4462DA64}.Debug|Any CPU.Build.0 = Debug|Any CPU
		{8B1DA2A1-907C-4381-8E58-CDEF4462DA64}.Release|Any CPU.ActiveCfg = Release|Any CPU
		{8B1DA2A1-907C-4381-8E58-CDEF4462DA64}.Release|Any CPU.Build.0 = Release|Any CPU
		{ACDED538-0535-41AE-8267-191938CDDF23}.Debug|Any CPU.ActiveCfg = Debug|Any CPU
		{ACDED538-0535-41AE-8267-191938CDDF23}.Debug|Any CPU.Build.0 = Debug|Any CPU
		{ACDED538-0535-41AE-8267-191938CDDF23}.Release|Any CPU.ActiveCfg = Release|Any CPU
		{ACDED538-0535-41AE-8267-191938CDDF23}.Release|Any CPU.Build.0 = Release|Any CPU
	EndGlobalSection
	GlobalSection(SolutionProperties) = preSolution
		HideSolutionNode = FALSE
	EndGlobalSection
	GlobalSection(ExtensibilityGlobals) = postSolution
		SolutionGuid = {4D40E5BC-781B-4BBA-AC06-474D31D18F4F}
	EndGlobalSection
EndGlobal
