
Microsoft Visual Studio Solution File, Format Version 12.00
# Visual Studio 15
VisualStudioVersion = 15.0.28307.489
MinimumVisualStudioVersion = 10.0.40219.1
Project("{FAE04EC0-301F-11D3-BF4B-00C04F79EFBC}") = "BallsInHoles", "BallsInHoles\BallsInHoles.csproj", "{F882FF4E-9D57-4926-A206-70704461FF23}"
EndProject
Global
	GlobalSection(SolutionConfigurationPlatforms) = preSolution
		Debug|Any CPU = Debug|Any CPU
		Release|Any CPU = Release|Any CPU
	EndGlobalSection
	GlobalSection(ProjectConfigurationPlatforms) = postSolution
		{F882FF4E-9D57-4926-A206-70704461FF23}.Debug|Any CPU.ActiveCfg = Debug|Any CPU
		{F882FF4E-9D57-4926-A206-70704461FF23}.Debug|Any CPU.Build.0 = Debug|Any CPU
		{F882FF4E-9D57-4926-A206-70704461FF23}.Release|Any CPU.ActiveCfg = Release|Any CPU
		{F882FF4E-9D57-4926-A206-70704461FF23}.Release|Any CPU.Build.0 = Release|Any CPU
	EndGlobalSection
	GlobalSection(SolutionProperties) = preSolution
		HideSolutionNode = FALSE
	EndGlobalSection
	GlobalSection(ExtensibilityGlobals) = postSolution
		SolutionGuid = {BAF06DA6-6214-484B-A147-E1DB5C532788}
	EndGlobalSection
EndGlobal
