
Microsoft Visual Studio Solution File, Format Version 12.00
# Visual Studio 15
VisualStudioVersion = 15.0.28307.489
MinimumVisualStudioVersion = 10.0.40219.1
Project("{FAE04EC0-301F-11D3-BF4B-00C04F79EFBC}") = "Lab12", "Lab12\Lab12.csproj", "{623173BE-0D90-4531-8DB9-1A745774E2DF}"
EndProject
Global
	GlobalSection(SolutionConfigurationPlatforms) = preSolution
		Debug|Any CPU = Debug|Any CPU
		Release|Any CPU = Release|Any CPU
	EndGlobalSection
	GlobalSection(ProjectConfigurationPlatforms) = postSolution
		{623173BE-0D90-4531-8DB9-1A745774E2DF}.Debug|Any CPU.ActiveCfg = Debug|Any CPU
		{623173BE-0D90-4531-8DB9-1A745774E2DF}.Debug|Any CPU.Build.0 = Debug|Any CPU
		{623173BE-0D90-4531-8DB9-1A745774E2DF}.Release|Any CPU.ActiveCfg = Release|Any CPU
		{623173BE-0D90-4531-8DB9-1A745774E2DF}.Release|Any CPU.Build.0 = Release|Any CPU
	EndGlobalSection
	GlobalSection(SolutionProperties) = preSolution
		HideSolutionNode = FALSE
	EndGlobalSection
	GlobalSection(ExtensibilityGlobals) = postSolution
		SolutionGuid = {46E793EA-9C08-4993-A601-1660A9769C94}
	EndGlobalSection
EndGlobal
