
Microsoft Visual Studio Solution File, Format Version 12.00
# Visual Studio 15
VisualStudioVersion = 15.0.28307.489
MinimumVisualStudioVersion = 10.0.40219.1
Project("{FAE04EC0-301F-11D3-BF4B-00C04F79EFBC}") = "TipsAndTraps", "TipsAndTraps\TipsAndTraps.csproj", "{2631AF57-3478-482A-8013-7256A13826C8}"
EndProject
Global
	GlobalSection(SolutionConfigurationPlatforms) = preSolution
		Debug|Any CPU = Debug|Any CPU
		Release|Any CPU = Release|Any CPU
	EndGlobalSection
	GlobalSection(ProjectConfigurationPlatforms) = postSolution
		{2631AF57-3478-482A-8013-7256A13826C8}.Debug|Any CPU.ActiveCfg = Debug|Any CPU
		{2631AF57-3478-482A-8013-7256A13826C8}.Debug|Any CPU.Build.0 = Debug|Any CPU
		{2631AF57-3478-482A-8013-7256A13826C8}.Release|Any CPU.ActiveCfg = Release|Any CPU
		{2631AF57-3478-482A-8013-7256A13826C8}.Release|Any CPU.Build.0 = Release|Any CPU
	EndGlobalSection
	GlobalSection(SolutionProperties) = preSolution
		HideSolutionNode = FALSE
	EndGlobalSection
	GlobalSection(ExtensibilityGlobals) = postSolution
		SolutionGuid = {23E748DD-AA05-48E1-85EA-08D6A02F4500}
	EndGlobalSection
EndGlobal
